
Microsoft Visual Studio Solution File, Format Version 12.00
# Visual Studio 14
VisualStudioVersion = 14.0.24720.0
MinimumVisualStudioVersion = 10.0.40219.1
Project("{FAE04EC0-301F-11D3-BF4B-00C04F79EFBC}") = "Learning", "Learning\Learning.csproj", "{28581BD7-0610-44FF-BF6D-BD7D19FB591E}"
EndProject
Project("{FAE04EC0-301F-11D3-BF4B-00C04F79EFBC}") = "WebApplication1", "WebApplication1\WebApplication1.csproj", "{112B652C-AEA0-4745-A45B-8C88737B0565}"
EndProject
Project("{FAE04EC0-301F-11D3-BF4B-00C04F79EFBC}") = "CrackingCodeInterviewProblems", "CrackingCodeInterviewProblems\CrackingCodeInterviewProblems.csproj", "{5FA682FD-D415-45FE-AB3C-836448A4919A}"
EndProject
Global
	GlobalSection(SolutionConfigurationPlatforms) = preSolution
		Debug|Any CPU = Debug|Any CPU
		Release|Any CPU = Release|Any CPU
	EndGlobalSection
	GlobalSection(ProjectConfigurationPlatforms) = postSolution
		{28581BD7-0610-44FF-BF6D-BD7D19FB591E}.Debug|Any CPU.ActiveCfg = Debug|Any CPU
		{28581BD7-0610-44FF-BF6D-BD7D19FB591E}.Debug|Any CPU.Build.0 = Debug|Any CPU
		{28581BD7-0610-44FF-BF6D-BD7D19FB591E}.Release|Any CPU.ActiveCfg = Release|Any CPU
		{28581BD7-0610-44FF-BF6D-BD7D19FB591E}.Release|Any CPU.Build.0 = Release|Any CPU
		{112B652C-AEA0-4745-A45B-8C88737B0565}.Debug|Any CPU.ActiveCfg = Debug|Any CPU
		{112B652C-AEA0-4745-A45B-8C88737B0565}.Debug|Any CPU.Build.0 = Debug|Any CPU
		{112B652C-AEA0-4745-A45B-8C88737B0565}.Release|Any CPU.ActiveCfg = Release|Any CPU
		{112B652C-AEA0-4745-A45B-8C88737B0565}.Release|Any CPU.Build.0 = Release|Any CPU
		{5FA682FD-D415-45FE-AB3C-836448A4919A}.Debug|Any CPU.ActiveCfg = Debug|Any CPU
		{5FA682FD-D415-45FE-AB3C-836448A4919A}.Debug|Any CPU.Build.0 = Debug|Any CPU
		{5FA682FD-D415-45FE-AB3C-836448A4919A}.Release|Any CPU.ActiveCfg = Release|Any CPU
		{5FA682FD-D415-45FE-AB3C-836448A4919A}.Release|Any CPU.Build.0 = Release|Any CPU
	EndGlobalSection
	GlobalSection(SolutionProperties) = preSolution
		HideSolutionNode = FALSE
	EndGlobalSection
EndGlobal
